
Microsoft Visual Studio Solution File, Format Version 12.00
# Visual Studio 14
VisualStudioVersion = 14.0.25420.1
MinimumVisualStudioVersion = 10.0.40219.1
Project("{2150E333-8FDC-42A3-9474-1A3956D46DE8}") = "src", "src", "{F5DC02B6-6EAE-413C-BD4D-26DCD5909967}"
EndProject
Project("{2150E333-8FDC-42A3-9474-1A3956D46DE8}") = "Solution Items", "Solution Items", "{0D1BD733-DA3D-4DE2-BD7A-2EFB3606E44C}"
	ProjectSection(SolutionItems) = preProject
		global.json = global.json
	EndProjectSection
EndProject
Project("{8BB2217D-0F2D-49D1-97BC-3654ED321F3B}") = "Samples.AspCoreEF", "src\Samples.AspCoreEF\Samples.AspCoreEF.xproj", "{D114CB3E-A7EE-40AF-90F6-37429BC32EB4}"
EndProject
Project("{8BB2217D-0F2D-49D1-97BC-3654ED321F3B}") = "Samples.AspCoreEF.DAL.EF", "src\Samples.AspCoreEF.DAL.EF\Samples.AspCoreEF.DAL.EF.xproj", "{BB415FBC-FA3F-45A6-A4DD-113EB19054B4}"
EndProject
Global
	GlobalSection(SolutionConfigurationPlatforms) = preSolution
		Debug|Any CPU = Debug|Any CPU
		Release|Any CPU = Release|Any CPU
	EndGlobalSection
	GlobalSection(ProjectConfigurationPlatforms) = postSolution
		{D114CB3E-A7EE-40AF-90F6-37429BC32EB4}.Debug|Any CPU.ActiveCfg = Debug|Any CPU
		{D114CB3E-A7EE-40AF-90F6-37429BC32EB4}.Debug|Any CPU.Build.0 = Debug|Any CPU
		{D114CB3E-A7EE-40AF-90F6-37429BC32EB4}.Release|Any CPU.ActiveCfg = Release|Any CPU
		{D114CB3E-A7EE-40AF-90F6-37429BC32EB4}.Release|Any CPU.Build.0 = Release|Any CPU
		{BB415FBC-FA3F-45A6-A4DD-113EB19054B4}.Debug|Any CPU.ActiveCfg = Debug|Any CPU
		{BB415FBC-FA3F-45A6-A4DD-113EB19054B4}.Debug|Any CPU.Build.0 = Debug|Any CPU
		{BB415FBC-FA3F-45A6-A4DD-113EB19054B4}.Release|Any CPU.ActiveCfg = Release|Any CPU
		{BB415FBC-FA3F-45A6-A4DD-113EB19054B4}.Release|Any CPU.Build.0 = Release|Any CPU
	EndGlobalSection
	GlobalSection(SolutionProperties) = preSolution
		HideSolutionNode = FALSE
	EndGlobalSection
	GlobalSection(NestedProjects) = preSolution
		{D114CB3E-A7EE-40AF-90F6-37429BC32EB4} = {F5DC02B6-6EAE-413C-BD4D-26DCD5909967}
		{BB415FBC-FA3F-45A6-A4DD-113EB19054B4} = {F5DC02B6-6EAE-413C-BD4D-26DCD5909967}
	EndGlobalSection
EndGlobal
